
Microsoft Visual Studio Solution File, Format Version 12.00
# Visual Studio Version 16
VisualStudioVersion = 16.0.29503.13
MinimumVisualStudioVersion = 10.0.40219.1
Project("{9A19103F-16F7-4668-BE54-9A1E7A4F7556}") = "YapartMarket.MainApp", "YapartMarket\YapartMarket.MainApp.csproj", "{8FA34D17-0C7E-4678-8D35-A12F6F2DC619}"
	ProjectSection(ProjectDependencies) = postProject
		{AFB20531-7149-4D70-A257-CF9C6B73E7F8} = {AFB20531-7149-4D70-A257-CF9C6B73E7F8}
		{CD368DC8-170E-4D96-986E-494F7B5B46F7} = {CD368DC8-170E-4D96-986E-494F7B5B46F7}
		{51745EEC-E871-41EA-BF5A-A15B342C999A} = {51745EEC-E871-41EA-BF5A-A15B342C999A}
	EndProjectSection
EndProject
Project("{9A19103F-16F7-4668-BE54-9A1E7A4F7556}") = "YapartMarket.Core", "YapartMarket.Core\YapartMarket.Core.csproj", "{51745EEC-E871-41EA-BF5A-A15B342C999A}"
EndProject
Project("{9A19103F-16F7-4668-BE54-9A1E7A4F7556}") = "YapartMarket.BL", "YapartMarket.BL\YapartMarket.BL.csproj", "{AFB20531-7149-4D70-A257-CF9C6B73E7F8}"
	ProjectSection(ProjectDependencies) = postProject
		{CD368DC8-170E-4D96-986E-494F7B5B46F7} = {CD368DC8-170E-4D96-986E-494F7B5B46F7}
		{51745EEC-E871-41EA-BF5A-A15B342C999A} = {51745EEC-E871-41EA-BF5A-A15B342C999A}
	EndProjectSection
EndProject
Project("{9A19103F-16F7-4668-BE54-9A1E7A4F7556}") = "YapartMarket.Data", "YapartMarket.Data\YapartMarket.Data.csproj", "{CD368DC8-170E-4D96-986E-494F7B5B46F7}"
	ProjectSection(ProjectDependencies) = postProject
		{51745EEC-E871-41EA-BF5A-A15B342C999A} = {51745EEC-E871-41EA-BF5A-A15B342C999A}
	EndProjectSection
EndProject
Project("{9A19103F-16F7-4668-BE54-9A1E7A4F7556}") = "YapartMarket.UnitTests", "YapartMarket.UnitTests\YapartMarket.UnitTests.csproj", "{B6A7614B-9165-4EF1-89C0-386221EE6045}"
	ProjectSection(ProjectDependencies) = postProject
		{8FA34D17-0C7E-4678-8D35-A12F6F2DC619} = {8FA34D17-0C7E-4678-8D35-A12F6F2DC619}
		{AFB20531-7149-4D70-A257-CF9C6B73E7F8} = {AFB20531-7149-4D70-A257-CF9C6B73E7F8}
		{CD368DC8-170E-4D96-986E-494F7B5B46F7} = {CD368DC8-170E-4D96-986E-494F7B5B46F7}
		{51745EEC-E871-41EA-BF5A-A15B342C999A} = {51745EEC-E871-41EA-BF5A-A15B342C999A}
	EndProjectSection
EndProject
Project("{FAE04EC0-301F-11D3-BF4B-00C04F79EFBC}") = "YapartMarket.React", "YapartMarket.React\YapartMarket.React.csproj", "{45AC4518-AE3D-4A34-BB44-A71EF2FC9A72}"
EndProject
Global
	GlobalSection(SolutionConfigurationPlatforms) = preSolution
		Debug|Any CPU = Debug|Any CPU
		Release|Any CPU = Release|Any CPU
	EndGlobalSection
	GlobalSection(ProjectConfigurationPlatforms) = postSolution
		{8FA34D17-0C7E-4678-8D35-A12F6F2DC619}.Debug|Any CPU.ActiveCfg = Debug|Any CPU
		{8FA34D17-0C7E-4678-8D35-A12F6F2DC619}.Debug|Any CPU.Build.0 = Debug|Any CPU
		{8FA34D17-0C7E-4678-8D35-A12F6F2DC619}.Release|Any CPU.ActiveCfg = Release|Any CPU
		{8FA34D17-0C7E-4678-8D35-A12F6F2DC619}.Release|Any CPU.Build.0 = Release|Any CPU
		{51745EEC-E871-41EA-BF5A-A15B342C999A}.Debug|Any CPU.ActiveCfg = Debug|Any CPU
		{51745EEC-E871-41EA-BF5A-A15B342C999A}.Debug|Any CPU.Build.0 = Debug|Any CPU
		{51745EEC-E871-41EA-BF5A-A15B342C999A}.Release|Any CPU.ActiveCfg = Release|Any CPU
		{51745EEC-E871-41EA-BF5A-A15B342C999A}.Release|Any CPU.Build.0 = Release|Any CPU
		{AFB20531-7149-4D70-A257-CF9C6B73E7F8}.Debug|Any CPU.ActiveCfg = Debug|Any CPU
		{AFB20531-7149-4D70-A257-CF9C6B73E7F8}.Debug|Any CPU.Build.0 = Debug|Any CPU
		{AFB20531-7149-4D70-A257-CF9C6B73E7F8}.Release|Any CPU.ActiveCfg = Release|Any CPU
		{AFB20531-7149-4D70-A257-CF9C6B73E7F8}.Release|Any CPU.Build.0 = Release|Any CPU
		{CD368DC8-170E-4D96-986E-494F7B5B46F7}.Debug|Any CPU.ActiveCfg = Debug|Any CPU
		{CD368DC8-170E-4D96-986E-494F7B5B46F7}.Debug|Any CPU.Build.0 = Debug|Any CPU
		{CD368DC8-170E-4D96-986E-494F7B5B46F7}.Release|Any CPU.ActiveCfg = Release|Any CPU
		{CD368DC8-170E-4D96-986E-494F7B5B46F7}.Release|Any CPU.Build.0 = Release|Any CPU
		{B6A7614B-9165-4EF1-89C0-386221EE6045}.Debug|Any CPU.ActiveCfg = Debug|Any CPU
		{B6A7614B-9165-4EF1-89C0-386221EE6045}.Debug|Any CPU.Build.0 = Debug|Any CPU
		{B6A7614B-9165-4EF1-89C0-386221EE6045}.Release|Any CPU.ActiveCfg = Release|Any CPU
		{B6A7614B-9165-4EF1-89C0-386221EE6045}.Release|Any CPU.Build.0 = Release|Any CPU
		{45AC4518-AE3D-4A34-BB44-A71EF2FC9A72}.Debug|Any CPU.ActiveCfg = Debug|Any CPU
		{45AC4518-AE3D-4A34-BB44-A71EF2FC9A72}.Debug|Any CPU.Build.0 = Debug|Any CPU
		{45AC4518-AE3D-4A34-BB44-A71EF2FC9A72}.Release|Any CPU.ActiveCfg = Release|Any CPU
		{45AC4518-AE3D-4A34-BB44-A71EF2FC9A72}.Release|Any CPU.Build.0 = Release|Any CPU
	EndGlobalSection
	GlobalSection(SolutionProperties) = preSolution
		HideSolutionNode = FALSE
	EndGlobalSection
	GlobalSection(ExtensibilityGlobals) = postSolution
		SolutionGuid = {B8FEDDEF-9C92-445A-9954-17A262524BB2}
	EndGlobalSection
EndGlobal
